
Microsoft Visual Studio Solution File, Format Version 12.00
# Visual Studio Version 16
VisualStudioVersion = 16.0.31515.178
MinimumVisualStudioVersion = 10.0.40219.1
Project("{F184B08F-C81C-45F6-A57F-5ABD9991F28F}") = "HelloWorldF21", "HelloWorldF21\HelloWorldF21.vbproj", "{BDDE1168-7294-46FA-B89D-A96CD85E3BE9}"
EndProject
Global
	GlobalSection(SolutionConfigurationPlatforms) = preSolution
		Debug|Any CPU = Debug|Any CPU
		Release|Any CPU = Release|Any CPU
	EndGlobalSection
	GlobalSection(ProjectConfigurationPlatforms) = postSolution
		{BDDE1168-7294-46FA-B89D-A96CD85E3BE9}.Debug|Any CPU.ActiveCfg = Debug|Any CPU
		{BDDE1168-7294-46FA-B89D-A96CD85E3BE9}.Debug|Any CPU.Build.0 = Debug|Any CPU
		{BDDE1168-7294-46FA-B89D-A96CD85E3BE9}.Release|Any CPU.ActiveCfg = Release|Any CPU
		{BDDE1168-7294-46FA-B89D-A96CD85E3BE9}.Release|Any CPU.Build.0 = Release|Any CPU
	EndGlobalSection
	GlobalSection(SolutionProperties) = preSolution
		HideSolutionNode = FALSE
	EndGlobalSection
	GlobalSection(ExtensibilityGlobals) = postSolution
		SolutionGuid = {6FD5207B-A863-44B3-AA06-DA83B6B19C92}
	EndGlobalSection
EndGlobal
